
Microsoft Visual Studio Solution File, Format Version 12.00
# Visual Studio Version 17
VisualStudioVersion = 17.14.36327.8 d17.14
MinimumVisualStudioVersion = 10.0.40219.1
Project("{FAE04EC0-301F-11D3-BF4B-00C04F79EFBC}") = "ArtGallery_Backend", "ArtGallery_Backend.csproj", "{7E1C4F62-3B57-4595-8CF8-8623C947622D}"
EndProject
Global
	GlobalSection(SolutionConfigurationPlatforms) = preSolution
		Debug|Any CPU = Debug|Any CPU
		Release|Any CPU = Release|Any CPU
	EndGlobalSection
	GlobalSection(ProjectConfigurationPlatforms) = postSolution
		{7E1C4F62-3B57-4595-8CF8-8623C947622D}.Debug|Any CPU.ActiveCfg = Debug|Any CPU
		{7E1C4F62-3B57-4595-8CF8-8623C947622D}.Debug|Any CPU.Build.0 = Debug|Any CPU
		{7E1C4F62-3B57-4595-8CF8-8623C947622D}.Release|Any CPU.ActiveCfg = Release|Any CPU
		{7E1C4F62-3B57-4595-8CF8-8623C947622D}.Release|Any CPU.Build.0 = Release|Any CPU
	EndGlobalSection
	GlobalSection(SolutionProperties) = preSolution
		HideSolutionNode = FALSE
	EndGlobalSection
	GlobalSection(ExtensibilityGlobals) = postSolution
		SolutionGuid = {0353419E-60CE-40A4-876E-643165FEA065}
	EndGlobalSection
EndGlobal
